
Microsoft Visual Studio Solution File, Format Version 12.00
# Visual Studio 2012
Project("{FAE04EC0-301F-11D3-BF4B-00C04F79EFBC}") = "ExcelExportTool", "ExcelExportTool\ExcelExportTool.csproj", "{A80CDD96-48F2-4D43-A04C-3EBAE05D7C25}"
EndProject
Global
	GlobalSection(SolutionConfigurationPlatforms) = preSolution
		Debug|Any CPU = Debug|Any CPU
		Release|Any CPU = Release|Any CPU
	EndGlobalSection
	GlobalSection(ProjectConfigurationPlatforms) = postSolution
		{A80CDD96-48F2-4D43-A04C-3EBAE05D7C25}.Debug|Any CPU.ActiveCfg = Debug|Any CPU
		{A80CDD96-48F2-4D43-A04C-3EBAE05D7C25}.Debug|Any CPU.Build.0 = Debug|Any CPU
		{A80CDD96-48F2-4D43-A04C-3EBAE05D7C25}.Release|Any CPU.ActiveCfg = Release|Any CPU
		{A80CDD96-48F2-4D43-A04C-3EBAE05D7C25}.Release|Any CPU.Build.0 = Release|Any CPU
	EndGlobalSection
	GlobalSection(SolutionProperties) = preSolution
		HideSolutionNode = FALSE
	EndGlobalSection
EndGlobal
